
Microsoft Visual Studio Solution File, Format Version 12.00
# Visual Studio Version 17
VisualStudioVersion = 17.9.34723.18
MinimumVisualStudioVersion = 10.0.40219.1
Project("{FAE04EC0-301F-11D3-BF4B-00C04F79EFBC}") = "Chess", "Chess\Chess.csproj", "{3731FD49-F10B-4549-A740-B8F09162455D}"
EndProject
Global
	GlobalSection(SolutionConfigurationPlatforms) = preSolution
		Debug|Any CPU = Debug|Any CPU
		Release|Any CPU = Release|Any CPU
	EndGlobalSection
	GlobalSection(ProjectConfigurationPlatforms) = postSolution
		{3731FD49-F10B-4549-A740-B8F09162455D}.Debug|Any CPU.ActiveCfg = Debug|Any CPU
		{3731FD49-F10B-4549-A740-B8F09162455D}.Debug|Any CPU.Build.0 = Debug|Any CPU
		{3731FD49-F10B-4549-A740-B8F09162455D}.Release|Any CPU.ActiveCfg = Release|Any CPU
		{3731FD49-F10B-4549-A740-B8F09162455D}.Release|Any CPU.Build.0 = Release|Any CPU
	EndGlobalSection
	GlobalSection(SolutionProperties) = preSolution
		HideSolutionNode = FALSE
	EndGlobalSection
	GlobalSection(ExtensibilityGlobals) = postSolution
		SolutionGuid = {FDB41CF0-22B6-4D76-8E01-859E36AC3242}
	EndGlobalSection
EndGlobal
